
Microsoft Visual Studio Solution File, Format Version 12.00
# Visual Studio Version 17
VisualStudioVersion = 17.0.31912.275
MinimumVisualStudioVersion = 10.0.40219.1
Project("{9A19103F-16F7-4668-BE54-9A1E7A4F7556}") = "NeoAttributedConfiguration", "AttributedConfiguration\NeoAttributedConfiguration.csproj", "{6CAAE115-0B00-4ECB-B9E8-39BE0758087F}"
EndProject
Project("{2150E333-8FDC-42A3-9474-1A3956D46DE8}") = "Solution Items", "Solution Items", "{640A49F2-D1F0-4007-8F63-2EAB5921416E}"
	ProjectSection(SolutionItems) = preProject
		.editorconfig = .editorconfig
		.gitattributes = .gitattributes
		.gitignore = .gitignore
		.github\workflows\package.yml = .github\workflows\package.yml
		README.md = README.md
	EndProjectSection
EndProject
Project("{9A19103F-16F7-4668-BE54-9A1E7A4F7556}") = "Sample", "Sample\Sample.csproj", "{A1D2303B-B523-4923-8885-F4ED5BE9A132}"
EndProject
Global
	GlobalSection(SolutionConfigurationPlatforms) = preSolution
		Debug|Any CPU = Debug|Any CPU
		Release|Any CPU = Release|Any CPU
	EndGlobalSection
	GlobalSection(ProjectConfigurationPlatforms) = postSolution
		{6CAAE115-0B00-4ECB-B9E8-39BE0758087F}.Debug|Any CPU.ActiveCfg = Debug|Any CPU
		{6CAAE115-0B00-4ECB-B9E8-39BE0758087F}.Debug|Any CPU.Build.0 = Debug|Any CPU
		{6CAAE115-0B00-4ECB-B9E8-39BE0758087F}.Release|Any CPU.ActiveCfg = Release|Any CPU
		{6CAAE115-0B00-4ECB-B9E8-39BE0758087F}.Release|Any CPU.Build.0 = Release|Any CPU
		{A1D2303B-B523-4923-8885-F4ED5BE9A132}.Debug|Any CPU.ActiveCfg = Debug|Any CPU
		{A1D2303B-B523-4923-8885-F4ED5BE9A132}.Debug|Any CPU.Build.0 = Debug|Any CPU
		{A1D2303B-B523-4923-8885-F4ED5BE9A132}.Release|Any CPU.ActiveCfg = Release|Any CPU
		{A1D2303B-B523-4923-8885-F4ED5BE9A132}.Release|Any CPU.Build.0 = Release|Any CPU
	EndGlobalSection
	GlobalSection(SolutionProperties) = preSolution
		HideSolutionNode = FALSE
	EndGlobalSection
	GlobalSection(ExtensibilityGlobals) = postSolution
		SolutionGuid = {DD9E8860-5290-4DD3-AF42-36DB218FF839}
	EndGlobalSection
EndGlobal
